
Microsoft Visual Studio Solution File, Format Version 12.00
# Visual Studio Version 16
VisualStudioVersion = 16.0.29728.190
MinimumVisualStudioVersion = 10.0.40219.1
Project("{FAE04EC0-301F-11D3-BF4B-00C04F79EFBC}") = "vorpcore_cl", "vorpcore_cl\vorpcore_cl.csproj", "{CE91D7D8-B284-49DF-8690-5E7071CEC0DC}"
EndProject
Project("{FAE04EC0-301F-11D3-BF4B-00C04F79EFBC}") = "vorpcore_sv", "vorpcore_sv\vorpcore_sv.csproj", "{A754D885-DA97-4ED1-835A-AEB3160DBD46}"
EndProject
Global
	GlobalSection(SolutionConfigurationPlatforms) = preSolution
		Debug|Any CPU = Debug|Any CPU
		Release|Any CPU = Release|Any CPU
	EndGlobalSection
	GlobalSection(ProjectConfigurationPlatforms) = postSolution
		{CE91D7D8-B284-49DF-8690-5E7071CEC0DC}.Debug|Any CPU.ActiveCfg = Debug|Any CPU
		{CE91D7D8-B284-49DF-8690-5E7071CEC0DC}.Debug|Any CPU.Build.0 = Debug|Any CPU
		{CE91D7D8-B284-49DF-8690-5E7071CEC0DC}.Release|Any CPU.ActiveCfg = Release|Any CPU
		{CE91D7D8-B284-49DF-8690-5E7071CEC0DC}.Release|Any CPU.Build.0 = Release|Any CPU
		{A754D885-DA97-4ED1-835A-AEB3160DBD46}.Debug|Any CPU.ActiveCfg = Debug|Any CPU
		{A754D885-DA97-4ED1-835A-AEB3160DBD46}.Debug|Any CPU.Build.0 = Debug|Any CPU
		{A754D885-DA97-4ED1-835A-AEB3160DBD46}.Release|Any CPU.ActiveCfg = Release|Any CPU
		{A754D885-DA97-4ED1-835A-AEB3160DBD46}.Release|Any CPU.Build.0 = Release|Any CPU
	EndGlobalSection
	GlobalSection(SolutionProperties) = preSolution
		HideSolutionNode = FALSE
	EndGlobalSection
	GlobalSection(ExtensibilityGlobals) = postSolution
		SolutionGuid = {D9B005D7-947F-4677-9A82-5E0A8C8A0235}
	EndGlobalSection
EndGlobal
